
Microsoft Visual Studio Solution File, Format Version 12.00
# Visual Studio Version 16
VisualStudioVersion = 16.0.30804.86
MinimumVisualStudioVersion = 10.0.40219.1
Project("{F184B08F-C81C-45F6-A57F-5ABD9991F28F}") = "textTOspeech", "textTOspeech.vbproj", "{6E9A0BA6-4971-43C3-B336-877FC1AD0CA3}"
EndProject
Global
	GlobalSection(SolutionConfigurationPlatforms) = preSolution
		Debug|Any CPU = Debug|Any CPU
		Release|Any CPU = Release|Any CPU
	EndGlobalSection
	GlobalSection(ProjectConfigurationPlatforms) = postSolution
		{6E9A0BA6-4971-43C3-B336-877FC1AD0CA3}.Debug|Any CPU.ActiveCfg = Debug|Any CPU
		{6E9A0BA6-4971-43C3-B336-877FC1AD0CA3}.Debug|Any CPU.Build.0 = Debug|Any CPU
		{6E9A0BA6-4971-43C3-B336-877FC1AD0CA3}.Release|Any CPU.ActiveCfg = Release|Any CPU
		{6E9A0BA6-4971-43C3-B336-877FC1AD0CA3}.Release|Any CPU.Build.0 = Release|Any CPU
	EndGlobalSection
	GlobalSection(SolutionProperties) = preSolution
		HideSolutionNode = FALSE
	EndGlobalSection
	GlobalSection(ExtensibilityGlobals) = postSolution
		SolutionGuid = {2D322422-1DAD-4F60-8E94-25DC2373AE9A}
	EndGlobalSection
EndGlobal
